
Microsoft Visual Studio Solution File, Format Version 12.00
# Visual Studio 15
VisualStudioVersion = 15.0.28307.136
MinimumVisualStudioVersion = 10.0.40219.1
Project("{888888A0-9F3D-457C-B088-3A5042F75D52}") = "RankingsDateScraper", "Out\RankingsDateScraper.pyproj", "{D5D6910C-A792-4A15-A2DD-EEAC3D3ED447}"
EndProject
Global
	GlobalSection(SolutionConfigurationPlatforms) = preSolution
		Debug|Any CPU = Debug|Any CPU
		Release|Any CPU = Release|Any CPU
		test|Any CPU = test|Any CPU
	EndGlobalSection
	GlobalSection(ProjectConfigurationPlatforms) = postSolution
		{D5D6910C-A792-4A15-A2DD-EEAC3D3ED447}.Debug|Any CPU.ActiveCfg = Debug|Any CPU
		{D5D6910C-A792-4A15-A2DD-EEAC3D3ED447}.Release|Any CPU.ActiveCfg = Release|Any CPU
		{D5D6910C-A792-4A15-A2DD-EEAC3D3ED447}.test|Any CPU.ActiveCfg = Debug|Any CPU
	EndGlobalSection
	GlobalSection(SolutionProperties) = preSolution
		HideSolutionNode = FALSE
	EndGlobalSection
	GlobalSection(ExtensibilityGlobals) = postSolution
		SolutionGuid = {8EC196A3-5678-430C-A7AD-4BE046281A65}
	EndGlobalSection
EndGlobal
